
Microsoft Visual Studio Solution File, Format Version 12.00
# Visual Studio Version 16
VisualStudioVersion = 16.0.30330.147
MinimumVisualStudioVersion = 10.0.40219.1
Project("{FAE04EC0-301F-11D3-BF4B-00C04F79EFBC}") = "ParcialPaulAguilar", "ParcialPaulAguilar\ParcialPaulAguilar.csproj", "{FFCDA716-C06A-4168-8889-16A48F656E09}"
EndProject
Project("{FAE04EC0-301F-11D3-BF4B-00C04F79EFBC}") = "PaisesTest", "PaisesTest\PaisesTest.csproj", "{5E77BAAD-BF38-41B2-858A-B308AA58A124}"
EndProject
Global
	GlobalSection(SolutionConfigurationPlatforms) = preSolution
		Debug|Any CPU = Debug|Any CPU
		Release|Any CPU = Release|Any CPU
	EndGlobalSection
	GlobalSection(ProjectConfigurationPlatforms) = postSolution
		{FFCDA716-C06A-4168-8889-16A48F656E09}.Debug|Any CPU.ActiveCfg = Debug|Any CPU
		{FFCDA716-C06A-4168-8889-16A48F656E09}.Debug|Any CPU.Build.0 = Debug|Any CPU
		{FFCDA716-C06A-4168-8889-16A48F656E09}.Release|Any CPU.ActiveCfg = Release|Any CPU
		{FFCDA716-C06A-4168-8889-16A48F656E09}.Release|Any CPU.Build.0 = Release|Any CPU
		{5E77BAAD-BF38-41B2-858A-B308AA58A124}.Debug|Any CPU.ActiveCfg = Debug|Any CPU
		{5E77BAAD-BF38-41B2-858A-B308AA58A124}.Debug|Any CPU.Build.0 = Debug|Any CPU
		{5E77BAAD-BF38-41B2-858A-B308AA58A124}.Release|Any CPU.ActiveCfg = Release|Any CPU
		{5E77BAAD-BF38-41B2-858A-B308AA58A124}.Release|Any CPU.Build.0 = Release|Any CPU
	EndGlobalSection
	GlobalSection(SolutionProperties) = preSolution
		HideSolutionNode = FALSE
	EndGlobalSection
	GlobalSection(ExtensibilityGlobals) = postSolution
		SolutionGuid = {DA7628E8-920D-46A6-A718-4191AEEBA76D}
	EndGlobalSection
EndGlobal
